
Microsoft Visual Studio Solution File, Format Version 12.00
Project("{FAE04EC0-301F-11D3-BF4B-00C04F79EFBC}") = "Algorithm csharp", "Algorithm csharp\Algorithm csharp.csproj", "{D2672DF2-4AF7-4411-ABC1-F51A2588E519}"
EndProject
Global
	GlobalSection(SolutionConfigurationPlatforms) = preSolution
		Debug|Any CPU = Debug|Any CPU
		Release|Any CPU = Release|Any CPU
	EndGlobalSection
	GlobalSection(ProjectConfigurationPlatforms) = postSolution
		{D2672DF2-4AF7-4411-ABC1-F51A2588E519}.Debug|Any CPU.ActiveCfg = Debug|Any CPU
		{D2672DF2-4AF7-4411-ABC1-F51A2588E519}.Debug|Any CPU.Build.0 = Debug|Any CPU
		{D2672DF2-4AF7-4411-ABC1-F51A2588E519}.Release|Any CPU.ActiveCfg = Release|Any CPU
		{D2672DF2-4AF7-4411-ABC1-F51A2588E519}.Release|Any CPU.Build.0 = Release|Any CPU
	EndGlobalSection
EndGlobal
